
Microsoft Visual Studio Solution File, Format Version 12.00
# Visual Studio Version 17
VisualStudioVersion = 17.2.32616.157
MinimumVisualStudioVersion = 10.0.40219.1
Project("{FAE04EC0-301F-11D3-BF4B-00C04F79EFBC}") = "Task2", "Task2\Task2.csproj", "{3FB92420-FA20-4CF4-8F98-ED707F4A483E}"
EndProject
Global
	GlobalSection(SolutionConfigurationPlatforms) = preSolution
		Debug|Any CPU = Debug|Any CPU
		Release|Any CPU = Release|Any CPU
	EndGlobalSection
	GlobalSection(ProjectConfigurationPlatforms) = postSolution
		{3FB92420-FA20-4CF4-8F98-ED707F4A483E}.Debug|Any CPU.ActiveCfg = Debug|Any CPU
		{3FB92420-FA20-4CF4-8F98-ED707F4A483E}.Debug|Any CPU.Build.0 = Debug|Any CPU
		{3FB92420-FA20-4CF4-8F98-ED707F4A483E}.Release|Any CPU.ActiveCfg = Release|Any CPU
		{3FB92420-FA20-4CF4-8F98-ED707F4A483E}.Release|Any CPU.Build.0 = Release|Any CPU
	EndGlobalSection
	GlobalSection(SolutionProperties) = preSolution
		HideSolutionNode = FALSE
	EndGlobalSection
	GlobalSection(ExtensibilityGlobals) = postSolution
		SolutionGuid = {A7622169-0A0E-4B15-AB93-A4EFA71F9DBE}
	EndGlobalSection
EndGlobal
